
Microsoft Visual Studio Solution File, Format Version 12.00
# Visual Studio Version 17
VisualStudioVersion = 17.5.33424.131
MinimumVisualStudioVersion = 10.0.40219.1
Project("{8BC9CEB8-8B4A-11D0-8D11-00A0C91BC942}") = "iofile", "iofile\iofile.vcxproj", "{DA41FEFE-8372-42D1-A74D-A81123F45173}"
EndProject
Project("{8BC9CEB8-8B4A-11D0-8D11-00A0C91BC942}") = "ioFileWithPath", "ioFileWithPath\ioFileWithPath.vcxproj", "{590AB67C-9B0E-4ECF-8F1D-8CDB422DEE3C}"
EndProject
Project("{8BC9CEB8-8B4A-11D0-8D11-00A0C91BC942}") = "ManualExeption", "ManualExeption\ManualExeption.vcxproj", "{BF9E99E4-9036-45F4-A7B9-B334EAFEB280}"
EndProject
Global
	GlobalSection(SolutionConfigurationPlatforms) = preSolution
		Debug|x64 = Debug|x64
		Debug|x86 = Debug|x86
		Release|x64 = Release|x64
		Release|x86 = Release|x86
	EndGlobalSection
	GlobalSection(ProjectConfigurationPlatforms) = postSolution
		{DA41FEFE-8372-42D1-A74D-A81123F45173}.Debug|x64.ActiveCfg = Debug|x64
		{DA41FEFE-8372-42D1-A74D-A81123F45173}.Debug|x64.Build.0 = Debug|x64
		{DA41FEFE-8372-42D1-A74D-A81123F45173}.Debug|x86.ActiveCfg = Debug|Win32
		{DA41FEFE-8372-42D1-A74D-A81123F45173}.Debug|x86.Build.0 = Debug|Win32
		{DA41FEFE-8372-42D1-A74D-A81123F45173}.Release|x64.ActiveCfg = Release|x64
		{DA41FEFE-8372-42D1-A74D-A81123F45173}.Release|x64.Build.0 = Release|x64
		{DA41FEFE-8372-42D1-A74D-A81123F45173}.Release|x86.ActiveCfg = Release|Win32
		{DA41FEFE-8372-42D1-A74D-A81123F45173}.Release|x86.Build.0 = Release|Win32
		{590AB67C-9B0E-4ECF-8F1D-8CDB422DEE3C}.Debug|x64.ActiveCfg = Debug|x64
		{590AB67C-9B0E-4ECF-8F1D-8CDB422DEE3C}.Debug|x64.Build.0 = Debug|x64
		{590AB67C-9B0E-4ECF-8F1D-8CDB422DEE3C}.Debug|x86.ActiveCfg = Debug|Win32
		{590AB67C-9B0E-4ECF-8F1D-8CDB422DEE3C}.Debug|x86.Build.0 = Debug|Win32
		{590AB67C-9B0E-4ECF-8F1D-8CDB422DEE3C}.Release|x64.ActiveCfg = Release|x64
		{590AB67C-9B0E-4ECF-8F1D-8CDB422DEE3C}.Release|x64.Build.0 = Release|x64
		{590AB67C-9B0E-4ECF-8F1D-8CDB422DEE3C}.Release|x86.ActiveCfg = Release|Win32
		{590AB67C-9B0E-4ECF-8F1D-8CDB422DEE3C}.Release|x86.Build.0 = Release|Win32
		{BF9E99E4-9036-45F4-A7B9-B334EAFEB280}.Debug|x64.ActiveCfg = Debug|x64
		{BF9E99E4-9036-45F4-A7B9-B334EAFEB280}.Debug|x64.Build.0 = Debug|x64
		{BF9E99E4-9036-45F4-A7B9-B334EAFEB280}.Debug|x86.ActiveCfg = Debug|Win32
		{BF9E99E4-9036-45F4-A7B9-B334EAFEB280}.Debug|x86.Build.0 = Debug|Win32
		{BF9E99E4-9036-45F4-A7B9-B334EAFEB280}.Release|x64.ActiveCfg = Release|x64
		{BF9E99E4-9036-45F4-A7B9-B334EAFEB280}.Release|x64.Build.0 = Release|x64
		{BF9E99E4-9036-45F4-A7B9-B334EAFEB280}.Release|x86.ActiveCfg = Release|Win32
		{BF9E99E4-9036-45F4-A7B9-B334EAFEB280}.Release|x86.Build.0 = Release|Win32
	EndGlobalSection
	GlobalSection(SolutionProperties) = preSolution
		HideSolutionNode = FALSE
	EndGlobalSection
	GlobalSection(ExtensibilityGlobals) = postSolution
		SolutionGuid = {C72A4950-DEEB-43AF-9E36-B940DBA895B2}
	EndGlobalSection
EndGlobal
